
Microsoft Visual Studio Solution File, Format Version 12.00
# Visual Studio Version 16
VisualStudioVersion = 16.0.31205.134
MinimumVisualStudioVersion = 10.0.40219.1
Project("{F184B08F-C81C-45F6-A57F-5ABD9991F28F}") = "project1", "project1.vbproj", "{5EA467D1-D327-407E-9135-E1BD8224B104}"
EndProject
Global
	GlobalSection(SolutionConfigurationPlatforms) = preSolution
		Debug|Any CPU = Debug|Any CPU
		Release|Any CPU = Release|Any CPU
	EndGlobalSection
	GlobalSection(ProjectConfigurationPlatforms) = postSolution
		{5EA467D1-D327-407E-9135-E1BD8224B104}.Debug|Any CPU.ActiveCfg = Debug|Any CPU
		{5EA467D1-D327-407E-9135-E1BD8224B104}.Debug|Any CPU.Build.0 = Debug|Any CPU
		{5EA467D1-D327-407E-9135-E1BD8224B104}.Release|Any CPU.ActiveCfg = Release|Any CPU
		{5EA467D1-D327-407E-9135-E1BD8224B104}.Release|Any CPU.Build.0 = Release|Any CPU
	EndGlobalSection
	GlobalSection(SolutionProperties) = preSolution
		HideSolutionNode = FALSE
	EndGlobalSection
	GlobalSection(ExtensibilityGlobals) = postSolution
		SolutionGuid = {E265F0A4-343F-4BDF-B13D-A89926DCCA84}
	EndGlobalSection
EndGlobal
